
Microsoft Visual Studio Solution File, Format Version 12.00
# Visual Studio Version 17
VisualStudioVersion = 17.1.32328.378
MinimumVisualStudioVersion = 10.0.40219.1
Project("{9A19103F-16F7-4668-BE54-9A1E7A4F7556}") = "Session_24_TeamViolet.Server", "Session_24_TeamViolet\Server\Session_24_TeamViolet.Server.csproj", "{12F326B0-48CF-4332-BA48-68C4BA48AAA1}"
EndProject
Project("{9A19103F-16F7-4668-BE54-9A1E7A4F7556}") = "Session_24_TeamViolet.Client", "Session_24_TeamViolet\Client\Session_24_TeamViolet.Client.csproj", "{ACBEAA8B-2367-42B6-BC72-B5FC15448F52}"
EndProject
Project("{9A19103F-16F7-4668-BE54-9A1E7A4F7556}") = "Session_24_TeamViolet.Shared", "Session_24_TeamViolet\Shared\Session_24_TeamViolet.Shared.csproj", "{B20C7826-C241-400D-BE16-D43CBAC385D2}"
EndProject
Project("{9A19103F-16F7-4668-BE54-9A1E7A4F7556}") = "CarService.Models", "CarService.Models\CarService.Models.csproj", "{9BAFD249-A139-4F1A-B3B4-A646D3F62B0F}"
EndProject
Project("{9A19103F-16F7-4668-BE54-9A1E7A4F7556}") = "CarService.EF", "CarService.EF\CarService.EF.csproj", "{F8CEF11B-074B-4D05-A950-2E094C5711F1}"
EndProject
Project("{FAE04EC0-301F-11D3-BF4B-00C04F79EFBC}") = "Authentication.Lib", "Authentication.Lib\Authentication.Lib.csproj", "{80A55E41-CD86-4BBB-BF05-098C0C4FA2DA}"
EndProject
Global
	GlobalSection(SolutionConfigurationPlatforms) = preSolution
		Debug|Any CPU = Debug|Any CPU
		Release|Any CPU = Release|Any CPU
	EndGlobalSection
	GlobalSection(ProjectConfigurationPlatforms) = postSolution
		{12F326B0-48CF-4332-BA48-68C4BA48AAA1}.Debug|Any CPU.ActiveCfg = Debug|Any CPU
		{12F326B0-48CF-4332-BA48-68C4BA48AAA1}.Debug|Any CPU.Build.0 = Debug|Any CPU
		{12F326B0-48CF-4332-BA48-68C4BA48AAA1}.Release|Any CPU.ActiveCfg = Release|Any CPU
		{12F326B0-48CF-4332-BA48-68C4BA48AAA1}.Release|Any CPU.Build.0 = Release|Any CPU
		{ACBEAA8B-2367-42B6-BC72-B5FC15448F52}.Debug|Any CPU.ActiveCfg = Debug|Any CPU
		{ACBEAA8B-2367-42B6-BC72-B5FC15448F52}.Debug|Any CPU.Build.0 = Debug|Any CPU
		{ACBEAA8B-2367-42B6-BC72-B5FC15448F52}.Release|Any CPU.ActiveCfg = Release|Any CPU
		{ACBEAA8B-2367-42B6-BC72-B5FC15448F52}.Release|Any CPU.Build.0 = Release|Any CPU
		{B20C7826-C241-400D-BE16-D43CBAC385D2}.Debug|Any CPU.ActiveCfg = Debug|Any CPU
		{B20C7826-C241-400D-BE16-D43CBAC385D2}.Debug|Any CPU.Build.0 = Debug|Any CPU
		{B20C7826-C241-400D-BE16-D43CBAC385D2}.Release|Any CPU.ActiveCfg = Release|Any CPU
		{B20C7826-C241-400D-BE16-D43CBAC385D2}.Release|Any CPU.Build.0 = Release|Any CPU
		{9BAFD249-A139-4F1A-B3B4-A646D3F62B0F}.Debug|Any CPU.ActiveCfg = Debug|Any CPU
		{9BAFD249-A139-4F1A-B3B4-A646D3F62B0F}.Debug|Any CPU.Build.0 = Debug|Any CPU
		{9BAFD249-A139-4F1A-B3B4-A646D3F62B0F}.Release|Any CPU.ActiveCfg = Release|Any CPU
		{9BAFD249-A139-4F1A-B3B4-A646D3F62B0F}.Release|Any CPU.Build.0 = Release|Any CPU
		{F8CEF11B-074B-4D05-A950-2E094C5711F1}.Debug|Any CPU.ActiveCfg = Debug|Any CPU
		{F8CEF11B-074B-4D05-A950-2E094C5711F1}.Debug|Any CPU.Build.0 = Debug|Any CPU
		{F8CEF11B-074B-4D05-A950-2E094C5711F1}.Release|Any CPU.ActiveCfg = Release|Any CPU
		{F8CEF11B-074B-4D05-A950-2E094C5711F1}.Release|Any CPU.Build.0 = Release|Any CPU
		{80A55E41-CD86-4BBB-BF05-098C0C4FA2DA}.Debug|Any CPU.ActiveCfg = Debug|Any CPU
		{80A55E41-CD86-4BBB-BF05-098C0C4FA2DA}.Debug|Any CPU.Build.0 = Debug|Any CPU
		{80A55E41-CD86-4BBB-BF05-098C0C4FA2DA}.Release|Any CPU.ActiveCfg = Release|Any CPU
		{80A55E41-CD86-4BBB-BF05-098C0C4FA2DA}.Release|Any CPU.Build.0 = Release|Any CPU
	EndGlobalSection
	GlobalSection(SolutionProperties) = preSolution
		HideSolutionNode = FALSE
	EndGlobalSection
	GlobalSection(ExtensibilityGlobals) = postSolution
		SolutionGuid = {2CC8D6B0-9290-4EC7-A8CF-94A0D3CA5D2F}
	EndGlobalSection
EndGlobal
