
Microsoft Visual Studio Solution File, Format Version 12.00
# Visual Studio Version 17
VisualStudioVersion = 17.1.32210.238
MinimumVisualStudioVersion = 10.0.40219.1
Project("{9A19103F-16F7-4668-BE54-9A1E7A4F7556}") = "CarService.EF", "CarService.EF\CarService.EF.csproj", "{072F64E5-3905-4C6F-95BD-B3E64FAEC3DB}"
EndProject
Project("{FAE04EC0-301F-11D3-BF4B-00C04F79EFBC}") = "CarService.Models", "CarService.Models\CarService.Models.csproj", "{4C72AC55-5237-433F-B56B-0C9A55A1437D}"
EndProject
Project("{FAE04EC0-301F-11D3-BF4B-00C04F79EFBC}") = "CarService.View", "CarService.View\CarService.View.csproj", "{FC0C1CCE-7A3F-49C6-987A-96B17694874F}"
EndProject
Global
	GlobalSection(SolutionConfigurationPlatforms) = preSolution
		Debug|Any CPU = Debug|Any CPU
		Release|Any CPU = Release|Any CPU
	EndGlobalSection
	GlobalSection(ProjectConfigurationPlatforms) = postSolution
		{072F64E5-3905-4C6F-95BD-B3E64FAEC3DB}.Debug|Any CPU.ActiveCfg = Debug|Any CPU
		{072F64E5-3905-4C6F-95BD-B3E64FAEC3DB}.Debug|Any CPU.Build.0 = Debug|Any CPU
		{072F64E5-3905-4C6F-95BD-B3E64FAEC3DB}.Release|Any CPU.ActiveCfg = Release|Any CPU
		{072F64E5-3905-4C6F-95BD-B3E64FAEC3DB}.Release|Any CPU.Build.0 = Release|Any CPU
		{4C72AC55-5237-433F-B56B-0C9A55A1437D}.Debug|Any CPU.ActiveCfg = Debug|Any CPU
		{4C72AC55-5237-433F-B56B-0C9A55A1437D}.Debug|Any CPU.Build.0 = Debug|Any CPU
		{4C72AC55-5237-433F-B56B-0C9A55A1437D}.Release|Any CPU.ActiveCfg = Release|Any CPU
		{4C72AC55-5237-433F-B56B-0C9A55A1437D}.Release|Any CPU.Build.0 = Release|Any CPU
		{FC0C1CCE-7A3F-49C6-987A-96B17694874F}.Debug|Any CPU.ActiveCfg = Debug|Any CPU
		{FC0C1CCE-7A3F-49C6-987A-96B17694874F}.Debug|Any CPU.Build.0 = Debug|Any CPU
		{FC0C1CCE-7A3F-49C6-987A-96B17694874F}.Release|Any CPU.ActiveCfg = Release|Any CPU
		{FC0C1CCE-7A3F-49C6-987A-96B17694874F}.Release|Any CPU.Build.0 = Release|Any CPU
	EndGlobalSection
	GlobalSection(SolutionProperties) = preSolution
		HideSolutionNode = FALSE
	EndGlobalSection
	GlobalSection(ExtensibilityGlobals) = postSolution
		SolutionGuid = {687273A9-81E1-4E46-BFDE-783A25F012A1}
	EndGlobalSection
EndGlobal
